
Microsoft Visual Studio Solution File, Format Version 12.00
# Visual Studio Version 16
VisualStudioVersion = 16.0.31624.102
MinimumVisualStudioVersion = 10.0.40219.1
Project("{9A19103F-16F7-4668-BE54-9A1E7A4F7556}") = "ImageUpWpf", "ImageUpWpf\ImageUpWpf.csproj", "{9C68D8B7-30CB-42F1-832D-6EA640329747}"
	ProjectSection(ProjectDependencies) = postProject
		{BD116219-34EF-44BC-8CFD-3635DC655520} = {BD116219-34EF-44BC-8CFD-3635DC655520}
	EndProjectSection
EndProject
Project("{9A19103F-16F7-4668-BE54-9A1E7A4F7556}") = "ImageUpWpf.Uploader", "ImageUpWpf.Uploader\ImageUpWpf.Uploader.csproj", "{BD116219-34EF-44BC-8CFD-3635DC655520}"
EndProject
Project("{9A19103F-16F7-4668-BE54-9A1E7A4F7556}") = "ImageUpWpf.Core", "ImageUpWpf.Core\ImageUpWpf.Core.csproj", "{79AE3AA6-56C3-4F05-B010-52C9F8368AE6}"
EndProject
Project("{2150E333-8FDC-42A3-9474-1A3956D46DE8}") = "Solution Items", "Solution Items", "{E2547B93-6D6C-4D70-83E7-3FBFFC9B05F5}"
	ProjectSection(SolutionItems) = preProject
		.editorconfig = .editorconfig
		README.md = README.md
	EndProjectSection
EndProject
Project("{9A19103F-16F7-4668-BE54-9A1E7A4F7556}") = "ImageUpWpf.Console", "ImageUpWpf.Console\ImageUpWpf.Console.csproj", "{97D6BB3C-F836-4A47-8FC4-3AC65F543E97}"
EndProject
Global
	GlobalSection(SolutionConfigurationPlatforms) = preSolution
		Debug|Any CPU = Debug|Any CPU
		Release|Any CPU = Release|Any CPU
	EndGlobalSection
	GlobalSection(ProjectConfigurationPlatforms) = postSolution
		{9C68D8B7-30CB-42F1-832D-6EA640329747}.Debug|Any CPU.ActiveCfg = Debug|Any CPU
		{9C68D8B7-30CB-42F1-832D-6EA640329747}.Debug|Any CPU.Build.0 = Debug|Any CPU
		{9C68D8B7-30CB-42F1-832D-6EA640329747}.Release|Any CPU.ActiveCfg = Release|Any CPU
		{9C68D8B7-30CB-42F1-832D-6EA640329747}.Release|Any CPU.Build.0 = Release|Any CPU
		{BD116219-34EF-44BC-8CFD-3635DC655520}.Debug|Any CPU.ActiveCfg = Debug|Any CPU
		{BD116219-34EF-44BC-8CFD-3635DC655520}.Debug|Any CPU.Build.0 = Debug|Any CPU
		{BD116219-34EF-44BC-8CFD-3635DC655520}.Release|Any CPU.ActiveCfg = Release|Any CPU
		{BD116219-34EF-44BC-8CFD-3635DC655520}.Release|Any CPU.Build.0 = Release|Any CPU
		{79AE3AA6-56C3-4F05-B010-52C9F8368AE6}.Debug|Any CPU.ActiveCfg = Debug|Any CPU
		{79AE3AA6-56C3-4F05-B010-52C9F8368AE6}.Debug|Any CPU.Build.0 = Debug|Any CPU
		{79AE3AA6-56C3-4F05-B010-52C9F8368AE6}.Release|Any CPU.ActiveCfg = Release|Any CPU
		{79AE3AA6-56C3-4F05-B010-52C9F8368AE6}.Release|Any CPU.Build.0 = Release|Any CPU
		{97D6BB3C-F836-4A47-8FC4-3AC65F543E97}.Debug|Any CPU.ActiveCfg = Debug|Any CPU
		{97D6BB3C-F836-4A47-8FC4-3AC65F543E97}.Debug|Any CPU.Build.0 = Debug|Any CPU
		{97D6BB3C-F836-4A47-8FC4-3AC65F543E97}.Release|Any CPU.ActiveCfg = Release|Any CPU
		{97D6BB3C-F836-4A47-8FC4-3AC65F543E97}.Release|Any CPU.Build.0 = Release|Any CPU
	EndGlobalSection
	GlobalSection(SolutionProperties) = preSolution
		HideSolutionNode = FALSE
	EndGlobalSection
	GlobalSection(ExtensibilityGlobals) = postSolution
		SolutionGuid = {9712656C-6C25-4642-9585-1A1F4C32404F}
	EndGlobalSection
EndGlobal
